<?xml version="1.0" encoding="utf-8"?>
<Project ToolsVersion="4.0" xmlns="http://schemas.microsoft.com/developer/msbuild/2003">
  <ItemGroup>
    <ClCompile Include="main.cpp" />
    <ClCompile Include="parser.tab.c">
      <Filter>automata-files</Filter>
    </ClCompile>
    <ClCompile Include="lexer.c">
      <Filter>automata-files</Filter>
    </ClCompile>
  </ItemGroup>
  <ItemGroup>
    <Filter Include="grammar-files">
      <UniqueIdentifier>{144f4e65-9a3c-4b5e-9ce9-94da8cc949cb}</UniqueIdentifier>
    </Filter>
    <Filter Include="automata-files">
      <UniqueIdentifier>{0f476195-5651-4bda-99cf-37a0f4c48550}</UniqueIdentifier>
    </Filter>
  </ItemGroup>
  <ItemGroup>
    <CustomBuild Include="lexer.l">
      <Filter>grammar-files</Filter>
    </CustomBuild>
    <CustomBuild Include="parser.y">
      <Filter>grammar-files</Filter>
    </CustomBuild>
  </ItemGroup>
  <ItemGroup>
    <ClInclude Include="parser.tab.h">
      <Filter>automata-files</Filter>
    </ClInclude>
  </ItemGroup>
</Project>